
Microsoft Visual Studio Solution File, Format Version 12.00
# Visual Studio Version 17
VisualStudioVersion = 17.13.35828.75 d17.13
MinimumVisualStudioVersion = 10.0.40219.1
Project("{FAE04EC0-301F-11D3-BF4B-00C04F79EFBC}") = "MovieApp", "MovieApp.csproj", "{AD73F8E3-1DAF-4C87-9DD6-94AE1C80B10F}"
EndProject
Global
	GlobalSection(SolutionConfigurationPlatforms) = preSolution
		Debug|Any CPU = Debug|Any CPU
		Release|Any CPU = Release|Any CPU
	EndGlobalSection
	GlobalSection(ProjectConfigurationPlatforms) = postSolution
		{AD73F8E3-1DAF-4C87-9DD6-94AE1C80B10F}.Debug|Any CPU.ActiveCfg = Debug|Any CPU
		{AD73F8E3-1DAF-4C87-9DD6-94AE1C80B10F}.Debug|Any CPU.Build.0 = Debug|Any CPU
		{AD73F8E3-1DAF-4C87-9DD6-94AE1C80B10F}.Release|Any CPU.ActiveCfg = Release|Any CPU
		{AD73F8E3-1DAF-4C87-9DD6-94AE1C80B10F}.Release|Any CPU.Build.0 = Release|Any CPU
	EndGlobalSection
	GlobalSection(SolutionProperties) = preSolution
		HideSolutionNode = FALSE
	EndGlobalSection
	GlobalSection(ExtensibilityGlobals) = postSolution
		SolutionGuid = {7FED65CB-84B2-48BB-BBB9-5BE8BB08B149}
	EndGlobalSection
EndGlobal
